{
  "lockfileVersion": 1,
  "configVersion": 1,
  "workspaces": {
    "": {
      "name": "effect-tsgo-cf-ts2589-repro",
      "devDependencies": {
        "@cloudflare/workers-types": "^4.20251024.0",
        "@effect/tsgo": "0.5.1",
        "@typescript/native-preview": "7.0.0-dev.20260425.1",
        "typescript": "5.9.3",
      },
    },
  },
  "packages": {
    "@cloudflare/workers-types": ["@cloudflare/workers-types@4.20260426.1", "", {}, "sha512-cBYeQaWwv/jFV8ualmwp6wIxmAf0rDe2DPPQwPbslKmPHqgv861YpAvm45r05K40QboZgxNQVIPgNkmtHqZeJQ=="],

    "@effect/tsgo": ["@effect/tsgo@0.5.1", "", { "optionalDependencies": { "@effect/tsgo-darwin-arm64": "0.5.1", "@effect/tsgo-darwin-x64": "0.5.1", "@effect/tsgo-linux-arm": "0.5.1", "@effect/tsgo-linux-arm64": "0.5.1", "@effect/tsgo-linux-x64": "0.5.1", "@effect/tsgo-win32-arm64": "0.5.1", "@effect/tsgo-win32-x64": "0.5.1" }, "bin": { "effect-tsgo": "dist/effect-tsgo.js" } }, "sha512-INANZ/NK9akOwSQVWpQgSDLjlegrs4gui21nuQsgN7zCjCmj4m/ixUDuVgtW2C0UfqhPWWabyFWCDntu7ryCZQ=="],

    "@effect/tsgo-darwin-arm64": ["@effect/tsgo-darwin-arm64@0.5.1", "", { "os": "darwin", "cpu": "arm64" }, "sha512-sJFjIPbfKTB9jLsUcMCmIZCOdTOQQqpKa2Ah7kP+8jXTqNvmIFZg4IzZQIPjHDSCKfU8f3JfOEEdhwktCdQ57Q=="],

    "@effect/tsgo-darwin-x64": ["@effect/tsgo-darwin-x64@0.5.1", "", { "os": "darwin", "cpu": "x64" }, "sha512-2b4WtHHddhUl846ZJOPhv3C/3JRwocwUer65vsxkb0ixS76ly3z1BOWwdL7naAsrtaUJ0n9FaN9WI4tbwxa5OA=="],

    "@effect/tsgo-linux-arm": ["@effect/tsgo-linux-arm@0.5.1", "", { "os": "linux", "cpu": "arm" }, "sha512-xs7+sx71e+lhRgl6R0ZfCxFXzTwhO00BcpPs5CtfNS4EEhNQc9EfRvGYtx3D4l9+5KwPr5VWJbYJz99Y5e2H9w=="],

    "@effect/tsgo-linux-arm64": ["@effect/tsgo-linux-arm64@0.5.1", "", { "os": "linux", "cpu": "arm64" }, "sha512-tgBW2rGLSewvnE61EYU31tmH6mdrrwHpNmbnYiNgU2rjs35gVYin2WZ7aM9r71hjUYbS2p9i4OcwRvSbyyVq/Q=="],

    "@effect/tsgo-linux-x64": ["@effect/tsgo-linux-x64@0.5.1", "", { "os": "linux", "cpu": "x64" }, "sha512-70dMv3/H+P3KDNWb31qPXJiJh6s78k3+J+QXN8RatKiQYrJw2HhREYL6ToVx9y5WOV7XFvC0eCIIa4/AMwQLTw=="],

    "@effect/tsgo-win32-arm64": ["@effect/tsgo-win32-arm64@0.5.1", "", { "os": "win32", "cpu": "arm64" }, "sha512-v4lSFoPLYmVFBJbtOseSd0T0Vij5Vdk6IAUKpQwMiy0gSDPJnE+M6Esj3tY9IpFD3LxcdqhTxBl73pEcf+ihYg=="],

    "@effect/tsgo-win32-x64": ["@effect/tsgo-win32-x64@0.5.1", "", { "os": "win32", "cpu": "x64" }, "sha512-dfyXhmVQkxncSnujjSXsOMwzqFIBNDViXiD3Uj9DPDNLSxyg0ybBNxYJTpvJhqHxqseA9wE2aCIMu/pfpac+0Q=="],

    "@typescript/native-preview": ["@typescript/native-preview@7.0.0-dev.20260425.1", "", { "optionalDependencies": { "@typescript/native-preview-darwin-arm64": "7.0.0-dev.20260425.1", "@typescript/native-preview-darwin-x64": "7.0.0-dev.20260425.1", "@typescript/native-preview-linux-arm": "7.0.0-dev.20260425.1", "@typescript/native-preview-linux-arm64": "7.0.0-dev.20260425.1", "@typescript/native-preview-linux-x64": "7.0.0-dev.20260425.1", "@typescript/native-preview-win32-arm64": "7.0.0-dev.20260425.1", "@typescript/native-preview-win32-x64": "7.0.0-dev.20260425.1" }, "bin": { "tsgo": "bin/tsgo.js" } }, "sha512-qhSVDT9DsoKPBeEm777eUUkiCDjBFlF7wwjfMvcPctZFVHfD6b1O1icpfCdQHPqzjrSXWu2YaNiY0DXbljTmgw=="],

    "@typescript/native-preview-darwin-arm64": ["@typescript/native-preview-darwin-arm64@7.0.0-dev.20260425.1", "", { "os": "darwin", "cpu": "arm64" }, "sha512-vM7O+PlxHRUT4Dv0VkxEmU3N2uyWeSFrhu57O7s3SE9TX1ENljwQlCFG0oQdBGLBRo+SZSoedxKL5jOGlD1eiw=="],

    "@typescript/native-preview-darwin-x64": ["@typescript/native-preview-darwin-x64@7.0.0-dev.20260425.1", "", { "os": "darwin", "cpu": "x64" }, "sha512-EiikklZSuEvMhZEeN0VRb0vmedhLgtKwz5p4Oz9e8hlJ4lLrslgvX7Z7JWb2YSKlhm14dUlRMvdoe+6t+56rSA=="],

    "@typescript/native-preview-linux-arm": ["@typescript/native-preview-linux-arm@7.0.0-dev.20260425.1", "", { "os": "linux", "cpu": "arm" }, "sha512-9eWInaHqhfTu1Mt/1M85p5M+HlSStahAQkqYaW9rJzUWRe+AcVUKsN6I7U7iwxbkCT8gFZsMCRqABcwBUWw3kg=="],

    "@typescript/native-preview-linux-arm64": ["@typescript/native-preview-linux-arm64@7.0.0-dev.20260425.1", "", { "os": "linux", "cpu": "arm64" }, "sha512-5KJ++prl1dscJtxnkE7Cb6rjud4T3nO4mcnKhkCfYcQaFtFrvcZhBtDobwcpSzHbfsW0MeM+QCy1UfWoK4gjUQ=="],

    "@typescript/native-preview-linux-x64": ["@typescript/native-preview-linux-x64@7.0.0-dev.20260425.1", "", { "os": "linux", "cpu": "x64" }, "sha512-a/E/8UL2x6nWmIJwrrbEvLz938RMcrFfm5hLRKaPMjCE32bgwesBZEG5jRn8fzQes+4HICRXKEaL544jtb/Syg=="],

    "@typescript/native-preview-win32-arm64": ["@typescript/native-preview-win32-arm64@7.0.0-dev.20260425.1", "", { "os": "win32", "cpu": "arm64" }, "sha512-BZ7jEnaNZHkHbq9LWuqqIgYMmMb2E2NReMybjOyl3ASFmJHYekDnytXIT3Zbp4dyPLJV55faGzLqMw2MMS81NA=="],

    "@typescript/native-preview-win32-x64": ["@typescript/native-preview-win32-x64@7.0.0-dev.20260425.1", "", { "os": "win32", "cpu": "x64" }, "sha512-/iwK50mO31lKr1KVDRCqW5xGyKArZuq9jQr2b/PJ3e0xEuV6hoJ4Kok11LA1lhx1uctqr3UXKmfwQF3HWqcZTQ=="],

    "typescript": ["typescript@5.9.3", "", { "bin": { "tsc": "bin/tsc", "tsserver": "bin/tsserver" } }, "sha512-jl1vZzPDinLr9eUt3J/t7V6FgNEw9QjvBPdysz9KfQDD41fQrC2Y4vKQdiaUpFT4bXlb1RHhLpp8wtm6M5TgSw=="],
  }
}
